
Microsoft Visual Studio Solution File, Format Version 12.00
# Visual Studio Version 17
VisualStudioVersion = 17.11.35219.272
MinimumVisualStudioVersion = 10.0.40219.1
Project("{9A19103F-16F7-4668-BE54-9A1E7A4F7556}") = "Web", "src\Receiver\Web\Web.csproj", "{6414A5CD-C6AD-45A3-9258-F8BD819ED3A4}"
EndProject
Project("{2150E333-8FDC-42A3-9474-1A3956D46DE8}") = "Receiver", "Receiver", "{D7263999-2402-4F07-8CFD-BD08DBDE477C}"
EndProject
Project("{9A19103F-16F7-4668-BE54-9A1E7A4F7556}") = "Infrastructure", "src\Receiver\Infrastructure\Infrastructure.csproj", "{CA3F23B3-2C8A-4CF9-BCC0-69C1A87CFE53}"
EndProject
Project("{9A19103F-16F7-4668-BE54-9A1E7A4F7556}") = "Presentation", "src\Receiver\Presentation\Presentation.csproj", "{C53A7D12-68C3-400E-898A-1E2E957784D6}"
EndProject
Project("{9A19103F-16F7-4668-BE54-9A1E7A4F7556}") = "Application", "src\Receiver\Application\Application.csproj", "{A45A0555-712E-429F-8DED-0A64A83FE72E}"
EndProject
Project("{9A19103F-16F7-4668-BE54-9A1E7A4F7556}") = "Domain", "src\Receiver\Domain\Domain.csproj", "{9738DDD1-2DE9-4E91-B559-7EF0F771E74E}"
EndProject
Project("{2150E333-8FDC-42A3-9474-1A3956D46DE8}") = "DataHistory", "DataHistory", "{2FD02A6C-810D-41F2-B882-0204293A7F77}"
EndProject
Project("{9A19103F-16F7-4668-BE54-9A1E7A4F7556}") = "Presentation", "src\DataHistory\Presentation\Presentation.csproj", "{DEB9639D-2469-4BDF-B56A-EB3C1DA567D5}"
EndProject
Project("{9A19103F-16F7-4668-BE54-9A1E7A4F7556}") = "Domain", "src\DataHistory\Domain\Domain.csproj", "{13BA3644-6EC2-47AC-8465-639034CED592}"
EndProject
Project("{9A19103F-16F7-4668-BE54-9A1E7A4F7556}") = "Web", "src\DataHistory\GrpcService\Web.csproj", "{17CCC184-27D8-44F7-BC31-779860C84ABB}"
EndProject
Project("{2150E333-8FDC-42A3-9474-1A3956D46DE8}") = "Shared", "Shared", "{A7AA86AC-47BB-4119-B4FB-0AFB2EA7A844}"
EndProject
Project("{9A19103F-16F7-4668-BE54-9A1E7A4F7556}") = "Protos", "src\Shared\Protos\Protos.csproj", "{5155477E-70D0-42F4-81A9-4D7DE0ACA568}"
EndProject
Project("{2150E333-8FDC-42A3-9474-1A3956D46DE8}") = "Streamer", "Streamer", "{F1A01F8C-F341-4460-89CC-19ED26965822}"
EndProject
Project("{9A19103F-16F7-4668-BE54-9A1E7A4F7556}") = "Web", "src\Streamer\Web\Web.csproj", "{EAC5E062-6B5C-45E6-8309-AB39A58CEB32}"
EndProject
Global
	GlobalSection(SolutionConfigurationPlatforms) = preSolution
		Debug|Any CPU = Debug|Any CPU
		Release|Any CPU = Release|Any CPU
	EndGlobalSection
	GlobalSection(ProjectConfigurationPlatforms) = postSolution
		{6414A5CD-C6AD-45A3-9258-F8BD819ED3A4}.Debug|Any CPU.ActiveCfg = Debug|Any CPU
		{6414A5CD-C6AD-45A3-9258-F8BD819ED3A4}.Debug|Any CPU.Build.0 = Debug|Any CPU
		{6414A5CD-C6AD-45A3-9258-F8BD819ED3A4}.Release|Any CPU.ActiveCfg = Release|Any CPU
		{6414A5CD-C6AD-45A3-9258-F8BD819ED3A4}.Release|Any CPU.Build.0 = Release|Any CPU
		{CA3F23B3-2C8A-4CF9-BCC0-69C1A87CFE53}.Debug|Any CPU.ActiveCfg = Debug|Any CPU
		{CA3F23B3-2C8A-4CF9-BCC0-69C1A87CFE53}.Debug|Any CPU.Build.0 = Debug|Any CPU
		{CA3F23B3-2C8A-4CF9-BCC0-69C1A87CFE53}.Release|Any CPU.ActiveCfg = Release|Any CPU
		{CA3F23B3-2C8A-4CF9-BCC0-69C1A87CFE53}.Release|Any CPU.Build.0 = Release|Any CPU
		{C53A7D12-68C3-400E-898A-1E2E957784D6}.Debug|Any CPU.ActiveCfg = Debug|Any CPU
		{C53A7D12-68C3-400E-898A-1E2E957784D6}.Debug|Any CPU.Build.0 = Debug|Any CPU
		{C53A7D12-68C3-400E-898A-1E2E957784D6}.Release|Any CPU.ActiveCfg = Release|Any CPU
		{C53A7D12-68C3-400E-898A-1E2E957784D6}.Release|Any CPU.Build.0 = Release|Any CPU
		{A45A0555-712E-429F-8DED-0A64A83FE72E}.Debug|Any CPU.ActiveCfg = Debug|Any CPU
		{A45A0555-712E-429F-8DED-0A64A83FE72E}.Debug|Any CPU.Build.0 = Debug|Any CPU
		{A45A0555-712E-429F-8DED-0A64A83FE72E}.Release|Any CPU.ActiveCfg = Release|Any CPU
		{A45A0555-712E-429F-8DED-0A64A83FE72E}.Release|Any CPU.Build.0 = Release|Any CPU
		{9738DDD1-2DE9-4E91-B559-7EF0F771E74E}.Debug|Any CPU.ActiveCfg = Debug|Any CPU
		{9738DDD1-2DE9-4E91-B559-7EF0F771E74E}.Debug|Any CPU.Build.0 = Debug|Any CPU
		{9738DDD1-2DE9-4E91-B559-7EF0F771E74E}.Release|Any CPU.ActiveCfg = Release|Any CPU
		{9738DDD1-2DE9-4E91-B559-7EF0F771E74E}.Release|Any CPU.Build.0 = Release|Any CPU
		{DEB9639D-2469-4BDF-B56A-EB3C1DA567D5}.Debug|Any CPU.ActiveCfg = Debug|Any CPU
		{DEB9639D-2469-4BDF-B56A-EB3C1DA567D5}.Debug|Any CPU.Build.0 = Debug|Any CPU
		{DEB9639D-2469-4BDF-B56A-EB3C1DA567D5}.Release|Any CPU.ActiveCfg = Release|Any CPU
		{DEB9639D-2469-4BDF-B56A-EB3C1DA567D5}.Release|Any CPU.Build.0 = Release|Any CPU
		{13BA3644-6EC2-47AC-8465-639034CED592}.Debug|Any CPU.ActiveCfg = Debug|Any CPU
		{13BA3644-6EC2-47AC-8465-639034CED592}.Debug|Any CPU.Build.0 = Debug|Any CPU
		{13BA3644-6EC2-47AC-8465-639034CED592}.Release|Any CPU.ActiveCfg = Release|Any CPU
		{13BA3644-6EC2-47AC-8465-639034CED592}.Release|Any CPU.Build.0 = Release|Any CPU
		{17CCC184-27D8-44F7-BC31-779860C84ABB}.Debug|Any CPU.ActiveCfg = Debug|Any CPU
		{17CCC184-27D8-44F7-BC31-779860C84ABB}.Debug|Any CPU.Build.0 = Debug|Any CPU
		{17CCC184-27D8-44F7-BC31-779860C84ABB}.Release|Any CPU.ActiveCfg = Release|Any CPU
		{17CCC184-27D8-44F7-BC31-779860C84ABB}.Release|Any CPU.Build.0 = Release|Any CPU
		{5155477E-70D0-42F4-81A9-4D7DE0ACA568}.Debug|Any CPU.ActiveCfg = Debug|Any CPU
		{5155477E-70D0-42F4-81A9-4D7DE0ACA568}.Debug|Any CPU.Build.0 = Debug|Any CPU
		{5155477E-70D0-42F4-81A9-4D7DE0ACA568}.Release|Any CPU.ActiveCfg = Release|Any CPU
		{5155477E-70D0-42F4-81A9-4D7DE0ACA568}.Release|Any CPU.Build.0 = Release|Any CPU
		{EAC5E062-6B5C-45E6-8309-AB39A58CEB32}.Debug|Any CPU.ActiveCfg = Debug|Any CPU
		{EAC5E062-6B5C-45E6-8309-AB39A58CEB32}.Debug|Any CPU.Build.0 = Debug|Any CPU
		{EAC5E062-6B5C-45E6-8309-AB39A58CEB32}.Release|Any CPU.ActiveCfg = Release|Any CPU
		{EAC5E062-6B5C-45E6-8309-AB39A58CEB32}.Release|Any CPU.Build.0 = Release|Any CPU
	EndGlobalSection
	GlobalSection(SolutionProperties) = preSolution
		HideSolutionNode = FALSE
	EndGlobalSection
	GlobalSection(NestedProjects) = preSolution
		{6414A5CD-C6AD-45A3-9258-F8BD819ED3A4} = {D7263999-2402-4F07-8CFD-BD08DBDE477C}
		{CA3F23B3-2C8A-4CF9-BCC0-69C1A87CFE53} = {D7263999-2402-4F07-8CFD-BD08DBDE477C}
		{C53A7D12-68C3-400E-898A-1E2E957784D6} = {D7263999-2402-4F07-8CFD-BD08DBDE477C}
		{A45A0555-712E-429F-8DED-0A64A83FE72E} = {D7263999-2402-4F07-8CFD-BD08DBDE477C}
		{9738DDD1-2DE9-4E91-B559-7EF0F771E74E} = {D7263999-2402-4F07-8CFD-BD08DBDE477C}
		{DEB9639D-2469-4BDF-B56A-EB3C1DA567D5} = {2FD02A6C-810D-41F2-B882-0204293A7F77}
		{13BA3644-6EC2-47AC-8465-639034CED592} = {2FD02A6C-810D-41F2-B882-0204293A7F77}
		{17CCC184-27D8-44F7-BC31-779860C84ABB} = {2FD02A6C-810D-41F2-B882-0204293A7F77}
		{5155477E-70D0-42F4-81A9-4D7DE0ACA568} = {A7AA86AC-47BB-4119-B4FB-0AFB2EA7A844}
		{EAC5E062-6B5C-45E6-8309-AB39A58CEB32} = {F1A01F8C-F341-4460-89CC-19ED26965822}
	EndGlobalSection
	GlobalSection(ExtensibilityGlobals) = postSolution
		SolutionGuid = {87AF1E3F-853C-41BE-872F-E808DCDA5DED}
	EndGlobalSection
EndGlobal
